
Microsoft Visual Studio Solution File, Format Version 12.00
# Visual Studio Version 17
VisualStudioVersion = 17.3.32929.385
MinimumVisualStudioVersion = 10.0.40219.1
Project("{FAE04EC0-301F-11D3-BF4B-00C04F79EFBC}") = "CodingChallenge.API", "CodingChallenge.API.csproj", "{725A51E5-8926-4017-A2E9-B0927070DE8A}"
EndProject
Project("{FAE04EC0-301F-11D3-BF4B-00C04F79EFBC}") = "CodingChallenge.Test", "..\CodingChallenge.Test\CodingChallenge.Test.csproj", "{EE2061E3-FD7B-4D62-B49B-FF39B349B32E}"
EndProject
Global
	GlobalSection(SolutionConfigurationPlatforms) = preSolution
		Debug|Any CPU = Debug|Any CPU
		Release|Any CPU = Release|Any CPU
	EndGlobalSection
	GlobalSection(ProjectConfigurationPlatforms) = postSolution
		{725A51E5-8926-4017-A2E9-B0927070DE8A}.Debug|Any CPU.ActiveCfg = Debug|Any CPU
		{725A51E5-8926-4017-A2E9-B0927070DE8A}.Debug|Any CPU.Build.0 = Debug|Any CPU
		{725A51E5-8926-4017-A2E9-B0927070DE8A}.Release|Any CPU.ActiveCfg = Release|Any CPU
		{725A51E5-8926-4017-A2E9-B0927070DE8A}.Release|Any CPU.Build.0 = Release|Any CPU
		{EE2061E3-FD7B-4D62-B49B-FF39B349B32E}.Debug|Any CPU.ActiveCfg = Debug|Any CPU
		{EE2061E3-FD7B-4D62-B49B-FF39B349B32E}.Debug|Any CPU.Build.0 = Debug|Any CPU
		{EE2061E3-FD7B-4D62-B49B-FF39B349B32E}.Release|Any CPU.ActiveCfg = Release|Any CPU
		{EE2061E3-FD7B-4D62-B49B-FF39B349B32E}.Release|Any CPU.Build.0 = Release|Any CPU
	EndGlobalSection
	GlobalSection(SolutionProperties) = preSolution
		HideSolutionNode = FALSE
	EndGlobalSection
	GlobalSection(ExtensibilityGlobals) = postSolution
		SolutionGuid = {42D02591-70E4-497B-9812-8FC82B2BAC88}
	EndGlobalSection
EndGlobal
